Microsoft Visual Studio Solution File, Format Version 12.00
# Visual Studio Version 17
VisualStudioVersion = 17.5.2.0
MinimumVisualStudioVersion = 10.0.40219.1
Project("{FAE04EC0-301F-11D3-BF4B-00C04F79EFBC}") = "H5App", "H5App.csproj", "{754DEA41-1C95-0C78-C567-FCBB57545460}"
EndProject
Global
	GlobalSection(SolutionConfigurationPlatforms) = preSolution
		Debug|Any CPU = Debug|Any CPU
		Release|Any CPU = Release|Any CPU
	EndGlobalSection
	GlobalSection(ProjectConfigurationPlatforms) = postSolution
		{754DEA41-1C95-0C78-C567-FCBB57545460}.Debug|Any CPU.ActiveCfg = Debug|Any CPU
		{754DEA41-1C95-0C78-C567-FCBB57545460}.Debug|Any CPU.Build.0 = Debug|Any CPU
		{754DEA41-1C95-0C78-C567-FCBB57545460}.Release|Any CPU.ActiveCfg = Release|Any CPU
		{754DEA41-1C95-0C78-C567-FCBB57545460}.Release|Any CPU.Build.0 = Release|Any CPU
	EndGlobalSection
	GlobalSection(SolutionProperties) = preSolution
		HideSolutionNode = FALSE
	EndGlobalSection
	GlobalSection(ExtensibilityGlobals) = postSolution
		SolutionGuid = {45B4AE74-66CB-4FE4-AD3F-1B693FD0D3DE}
	EndGlobalSection
EndGlobal
